// !$*UTF8*$!
{
	archiveVersion = 1;
	classes = {
	};
	objectVersion = 46;
	objects = {

/* Begin PBXBuildFile section */
		2AC1A2981B1E603A0077CC8C /* main.m in Sources */ = {isa = PBXBuildFile; fileRef = 2AC1A2971B1E603A0077CC8C /* main.m */; };
		2AC1A29B1B1E603A0077CC8C /* AppDelegate.m in Sources */ = {isa = PBXBuildFile; fileRef = 2AC1A29A1B1E603A0077CC8C /* AppDelegate.m */; };
		2AC1A29E1B1E603A0077CC8C /* ViewController.m in Sources */ = {isa = PBXBuildFile; fileRef = 2AC1A29D1B1E603A0077CC8C /* ViewController.m */; };
		2AC1A2A11B1E603A0077CC8C /* Main.storyboard in Resources */ = {isa = PBXBuildFile; fileRef = 2AC1A29F1B1E603A0077CC8C /* Main.storyboard */; };
		2AC1A2A31B1E603A0077CC8C /* Images.xcassets in Resources */ = {isa = PBXBuildFile; fileRef = 2AC1A2A21B1E603A0077CC8C /* Images.xcassets */; };
		2AC1A2A61B1E603A0077CC8C /* LaunchScreen.xib in Resources */ = {isa = PBXBuildFile; fileRef = 2AC1A2A41B1E603A0077CC8C /* LaunchScreen.xib */; };
		2AC1A2B21B1E603A0077CC8C /* Matematiken_bakom_BitcoinTests.m in Sources */ = {isa = PBXBuildFile; fileRef = 2AC1A2B11B1E603A0077CC8C /* Matematiken_bakom_BitcoinTests.m */; };
		2AC1A2BC1B1E60770077CC8C /* Main.storyboard in Resources */ = {isa = PBXBuildFile; fileRef = 2AC1A2BB1B1E60770077CC8C /* Main.storyboard */; };
		2AC1A2C01B1E60940077CC8C /* opengraph.png in Resources */ = {isa = PBXBuildFile; fileRef = 2AC1A2BD1B1E60940077CC8C /* opengraph.png */; };
		2AC1A2C11B1E60940077CC8C /* sweden.png in Resources */ = {isa = PBXBuildFile; fileRef = 2AC1A2BE1B1E60940077CC8C /* sweden.png */; };
		2AC1A2C21B1E60940077CC8C /* usa.png in Resources */ = {isa = PBXBuildFile; fileRef = 2AC1A2BF1B1E60940077CC8C /* usa.png */; };
/* End PBXBuildFile section */

/* Begin PBXContainerItemProxy section */
		2AC1A2AC1B1E603A0077CC8C /* PBXContainerItemProxy */ = {
			isa = PBXContainerItemProxy;
			containerPortal = 2AC1A28A1B1E603A0077CC8C /* Project object */;
			proxyType = 1;
			remoteGlobalIDString = 2AC1A2911B1E603A0077CC8C;
			remoteInfo = "Matematiken bakom Bitcoin";
		};
/* End PBXContainerItemProxy section */

/* Begin PBXFileReference section */
		2AC1A2921B1E603A0077CC8C /* Matematiken bakom Bitcoin.app */ = {isa = PBXFileReference; explicitFileType = wrapper.application; includeInIndex = 0; path = "Matematiken bakom Bitcoin.app"; sourceTree = BUILT_PRODUCTS_DIR; };
		2AC1A2961B1E603A0077CC8C /* Info.plist */ = {isa = PBXFileReference; lastKnownFileType = text.plist.xml; path = Info.plist; sourceTree = "<group>"; };
		2AC1A2971B1E603A0077CC8C /* main.m */ = {isa = PBXFileReference; lastKnownFileType = sourcecode.c.objc; path = main.m; sourceTree = "<group>"; };
		2AC1A2991B1E603A0077CC8C /* AppDelegate.h */ = {isa = PBXFileReference; lastKnownFileType = sourcecode.c.h; path = AppDelegate.h; sourceTree = "<group>"; };
		2AC1A29A1B1E603A0077CC8C /* AppDelegate.m */ = {isa = PBXFileReference; lastKnownFileType = sourcecode.c.objc; path = AppDelegate.m; sourceTree = "<group>"; };
		2AC1A29C1B1E603A0077CC8C /* ViewController.h */ = {isa = PBXFileReference; lastKnownFileType = sourcecode.c.h; path = ViewController.h; sourceTree = "<group>"; };
		2AC1A29D1B1E603A0077CC8C /* ViewController.m */ = {isa = PBXFileReference; lastKnownFileType = sourcecode.c.objc; path = ViewController.m; sourceTree = "<group>"; };
		2AC1A2A01B1E603A0077CC8C /* Base */ = {isa = PBXFileReference; lastKnownFileType = file.storyboard; name = Base; path = Base.lproj/Main.storyboard; sourceTree = "<group>"; };
		2AC1A2A21B1E603A0077CC8C /* Images.xcassets */ = {isa = PBXFileReference; lastKnownFileType = folder.assetcatalog; path = Images.xcassets; sourceTree = "<group>"; };
		2AC1A2A51B1E603A0077CC8C /* Base */ = {isa = PBXFileReference; lastKnownFileType = file.xib; name = Base; path = Base.lproj/LaunchScreen.xib; sourceTree = "<group>"; };
		2AC1A2AB1B1E603A0077CC8C /* Matematiken bakom BitcoinTests.xctest */ = {isa = PBXFileReference; explicitFileType = wrapper.cfbundle; includeInIndex = 0; path = "Matematiken bakom BitcoinTests.xctest"; sourceTree = BUILT_PRODUCTS_DIR; };
		2AC1A2B01B1E603A0077CC8C /* Info.plist */ = {isa = PBXFileReference; lastKnownFileType = text.plist.xml; path = Info.plist; sourceTree = "<group>"; };
		2AC1A2B11B1E603A0077CC8C /* Matematiken_bakom_BitcoinTests.m */ = {isa = PBXFileReference; lastKnownFileType = sourcecode.c.objc; path = Matematiken_bakom_BitcoinTests.m; sourceTree = "<group>"; };
		2AC1A2BB1B1E60770077CC8C /* Main.storyboard */ = {isa = PBXFileReference; fileEncoding = 4; lastKnownFileType = file.storyboard; path = Main.storyboard; sourceTree = "<group>"; };
		2AC1A2BD1B1E60940077CC8C /* opengraph.png */ = {isa = PBXFileReference; lastKnownFileType = image.png; path = opengraph.png; sourceTree = "<group>"; };
		2AC1A2BE1B1E60940077CC8C /* sweden.png */ = {isa = PBXFileReference; lastKnownFileType = image.png; path = sweden.png; sourceTree = "<group>"; };
		2AC1A2BF1B1E60940077CC8C /* usa.png */ = {isa = PBXFileReference; lastKnownFileType = image.png; path = usa.png; sourceTree = "<group>"; };
/* End PBXFileReference section */

/* Begin PBXFrameworksBuildPhase section */
		2AC1A28F1B1E603A0077CC8C /* Frameworks */ = {
			isa = PBXFrameworksBuildPhase;
			buildActionMask = 2147483647;
			files = (
			);
			runOnlyForDeploymentPostprocessing = 0;
		};
		2AC1A2A81B1E603A0077CC8C /* Frameworks */ = {
			isa = PBXFrameworksBuildPhase;
			buildActionMask = 2147483647;
			files = (
			);
			runOnlyForDeploymentPostprocessing = 0;
		};
/* End PBXFrameworksBuildPhase section */

/* Begin PBXGroup section */
		2AC1A2891B1E603A0077CC8C = {
			isa = PBXGroup;
			children = (
				2AC1A2941B1E603A0077CC8C /* Matematiken bakom Bitcoin */,
				2AC1A2AE1B1E603A0077CC8C /* Matematiken bakom BitcoinTests */,
				2AC1A2931B1E603A0077CC8C /* Products */,
			);
			sourceTree = "<group>";
		};
		2AC1A2931B1E603A0077CC8C /* Products */ = {
			isa = PBXGroup;
			children = (
				2AC1A2921B1E603A0077CC8C /* Matematiken bakom Bitcoin.app */,
				2AC1A2AB1B1E603A0077CC8C /* Matematiken bakom BitcoinTests.xctest */,
			);
			name = Products;
			sourceTree = "<group>";
		};
		2AC1A2941B1E603A0077CC8C /* Matematiken bakom Bitcoin */ = {
			isa = PBXGroup;
			children = (
				2AC1A2991B1E603A0077CC8C /* AppDelegate.h */,
				2AC1A29A1B1E603A0077CC8C /* AppDelegate.m */,
				2AC1A29C1B1E603A0077CC8C /* ViewController.h */,
				2AC1A29D1B1E603A0077CC8C /* ViewController.m */,
				2AC1A29F1B1E603A0077CC8C /* Main.storyboard */,
				2AC1A2BB1B1E60770077CC8C /* Main.storyboard */,
				2AC1A2A21B1E603A0077CC8C /* Images.xcassets */,
				2AC1A2A41B1E603A0077CC8C /* LaunchScreen.xib */,
				2AC1A2951B1E603A0077CC8C /* Supporting Files */,
			);
			path = "Matematiken bakom Bitcoin";
			sourceTree = "<group>";
		};
		2AC1A2951B1E603A0077CC8C /* Supporting Files */ = {
			isa = PBXGroup;
			children = (
				2AC1A2BD1B1E60940077CC8C /* opengraph.png */,
				2AC1A2BE1B1E60940077CC8C /* sweden.png */,
				2AC1A2BF1B1E60940077CC8C /* usa.png */,
				2AC1A2961B1E603A0077CC8C /* Info.plist */,
				2AC1A2971B1E603A0077CC8C /* main.m */,
			);
			name = "Supporting Files";
			sourceTree = "<group>";
		};
		2AC1A2AE1B1E603A0077CC8C /* Matematiken bakom BitcoinTests */ = {
			isa = PBXGroup;
			children = (
				2AC1A2B11B1E603A0077CC8C /* Matematiken_bakom_BitcoinTests.m */,
				2AC1A2AF1B1E603A0077CC8C /* Supporting Files */,
			);
			path = "Matematiken bakom BitcoinTests";
			sourceTree = "<group>";
		};
		2AC1A2AF1B1E603A0077CC8C /* Supporting Files */ = {
			isa = PBXGroup;
			children = (
				2AC1A2B01B1E603A0077CC8C /* Info.plist */,
			);
			name = "Supporting Files";
			sourceTree = "<group>";
		};
/* End PBXGroup section */

/* Begin PBXNativeTarget section */
		2AC1A2911B1E603A0077CC8C /* Matematiken bakom Bitcoin */ = {
			isa = PBXNativeTarget;
			buildConfigurationList = 2AC1A2B51B1E603A0077CC8C /* Build configuration list for PBXNativeTarget "Matematiken bakom Bitcoin" */;
			buildPhases = (
				2AC1A28E1B1E603A0077CC8C /* Sources */,
				2AC1A28F1B1E603A0077CC8C /* Frameworks */,
				2AC1A2901B1E603A0077CC8C /* Resources */,
			);
			buildRules = (
			);
			dependencies = (
			);
			name = "Matematiken bakom Bitcoin";
			productName = "Matematiken bakom Bitcoin";
			productReference = 2AC1A2921B1E603A0077CC8C /* Matematiken bakom Bitcoin.app */;
			productType = "com.apple.product-type.application";
		};
		2AC1A2AA1B1E603A0077CC8C /* Matematiken bakom BitcoinTests */ = {
			isa = PBXNativeTarget;
			buildConfigurationList = 2AC1A2B81B1E603A0077CC8C /* Build configuration list for PBXNativeTarget "Matematiken bakom BitcoinTests" */;
			buildPhases = (
				2AC1A2A71B1E603A0077CC8C /* Sources */,
				2AC1A2A81B1E603A0077CC8C /* Frameworks */,
				2AC1A2A91B1E603A0077CC8C /* Resources */,
			);
			buildRules = (
			);
			dependencies = (
				2AC1A2AD1B1E603A0077CC8C /* PBXTargetDependency */,
			);
			name = "Matematiken bakom BitcoinTests";
			productName = "Matematiken bakom BitcoinTests";
			productReference = 2AC1A2AB1B1E603A0077CC8C /* Matematiken bakom BitcoinTests.xctest */;
			productType = "com.apple.product-type.bundle.unit-test";
		};
/* End PBXNativeTarget section */

/* Begin PBXProject section */
		2AC1A28A1B1E603A0077CC8C /* Project object */ = {
			isa = PBXProject;
			attributes = {
				LastUpgradeCheck = 0610;
				ORGANIZATIONNAME = "Big Nerd Ranch";
				TargetAttributes = {
					2AC1A2911B1E603A0077CC8C = {
						CreatedOnToolsVersion = 6.1;
					};
					2AC1A2AA1B1E603A0077CC8C = {
						CreatedOnToolsVersion = 6.1;
						TestTargetID = 2AC1A2911B1E603A0077CC8C;
					};
				};
			};
			buildConfigurationList = 2AC1A28D1B1E603A0077CC8C /* Build configuration list for PBXProject "Matematiken bakom Bitcoin" */;
			compatibilityVersion = "Xcode 3.2";
			developmentRegion = English;
			hasScannedForEncodings = 0;
			knownRegions = (
				en,
				Base,
			);
			mainGroup = 2AC1A2891B1E603A0077CC8C;
			productRefGroup = 2AC1A2931B1E603A0077CC8C /* Products */;
			projectDirPath = "";
			projectRoot = "";
			targets = (
				2AC1A2911B1E603A0077CC8C /* Matematiken bakom Bitcoin */,
				2AC1A2AA1B1E603A0077CC8C /* Matematiken bakom BitcoinTests */,
			);
		};
/* End PBXProject section */

/* Begin PBXResourcesBuildPhase section */
		2AC1A2901B1E603A0077CC8C /* Resources */ = {
			isa = PBXResourcesBuildPhase;
			buildActionMask = 2147483647;
			files = (
				2AC1A2A11B1E603A0077CC8C /* Main.storyboard in Resources */,
				2AC1A2C01B1E60940077CC8C /* opengraph.png in Resources */,
				2AC1A2C21B1E60940077CC8C /* usa.png in Resources */,
				2AC1A2A61B1E603A0077CC8C /* LaunchScreen.xib in Resources */,
				2AC1A2A31B1E603A0077CC8C /* Images.xcassets in Resources */,
				2AC1A2BC1B1E60770077CC8C /* Main.storyboard in Resources */,
				2AC1A2C11B1E60940077CC8C /* sweden.png in Resources */,
			);
			runOnlyForDeploymentPostprocessing = 0;
		};
		2AC1A2A91B1E603A0077CC8C /* Resources */ = {
			isa = PBXResourcesBuildPhase;
			buildActionMask = 2147483647;
			files = (
			);
			runOnlyForDeploymentPostprocessing = 0;
		};
/* End PBXResourcesBuildPhase section */

/* Begin PBXSourcesBuildPhase section */
		2AC1A28E1B1E603A0077CC8C /* Sources */ = {
			isa = PBXSourcesBuildPhase;
			buildActionMask = 2147483647;
			files = (
				2AC1A29E1B1E603A0077CC8C /* ViewController.m in Sources */,
				2AC1A29B1B1E603A0077CC8C /* AppDelegate.m in Sources */,
				2AC1A2981B1E603A0077CC8C /* main.m in Sources */,
			);
			runOnlyForDeploymentPostprocessing = 0;
		};
		2AC1A2A71B1E603A0077CC8C /* Sources */ = {
			isa = PBXSourcesBuildPhase;
			buildActionMask = 2147483647;
			files = (
				2AC1A2B21B1E603A0077CC8C /* Matematiken_bakom_BitcoinTests.m in Sources */,
			);
			runOnlyForDeploymentPostprocessing = 0;
		};
/* End PBXSourcesBuildPhase section */

/* Begin PBXTargetDependency section */
		2AC1A2AD1B1E603A0077CC8C /* PBXTargetDependency */ = {
			isa = PBXTargetDependency;
			target = 2AC1A2911B1E603A0077CC8C /* Matematiken bakom Bitcoin */;
			targetProxy = 2AC1A2AC1B1E603A0077CC8C /* PBXContainerItemProxy */;
		};
/* End PBXTargetDependency section */

/* Begin PBXVariantGroup section */
		2AC1A29F1B1E603A0077CC8C /* Main.storyboard */ = {
			isa = PBXVariantGroup;
			children = (
				2AC1A2A01B1E603A0077CC8C /* Base */,
			);
			name = Main.storyboard;
			sourceTree = "<group>";
		};
		2AC1A2A41B1E603A0077CC8C /* LaunchScreen.xib */ = {
			isa = PBXVariantGroup;
			children = (
				2AC1A2A51B1E603A0077CC8C /* Base */,
			);
			name = LaunchScreen.xib;
			sourceTree = "<group>";
		};
/* End PBXVariantGroup section */

/* Begin XCBuildConfiguration section */
		2AC1A2B31B1E603A0077CC8C /* Debug */ = {
			isa = XCBuildConfiguration;
			buildSettings = {
				ALWAYS_SEARCH_USER_PATHS = NO;
				CLANG_CXX_LANGUAGE_STANDARD = "gnu++0x";
				CLANG_CXX_LIBRARY = "libc++";
				CLANG_ENABLE_MODULES = YES;
				CLANG_ENABLE_OBJC_ARC = YES;
				CLANG_WARN_BOOL_CONVERSION = YES;
				CLANG_WARN_CONSTANT_CONVERSION = YES;
				CLANG_WARN_DIRECT_OBJC_ISA_USAGE = YES_ERROR;
				CLANG_WARN_EMPTY_BODY = YES;
				CLANG_WARN_ENUM_CONVERSION = YES;
				CLANG_WARN_INT_CONVERSION = YES;
				CLANG_WARN_OBJC_ROOT_CLASS = YES_ERROR;
				CLANG_WARN_UNREACHABLE_CODE = YES;
				CLANG_WARN__DUPLICATE_METHOD_MATCH = YES;
				"CODE_SIGN_IDENTITY[sdk=iphoneos*]" = "iPhone Developer";
				COPY_PHASE_STRIP = NO;
				ENABLE_STRICT_OBJC_MSGSEND = YES;
				GCC_C_LANGUAGE_STANDARD = gnu99;
				GCC_DYNAMIC_NO_PIC = NO;
				GCC_OPTIMIZATION_LEVEL = 0;
				GCC_PREPROCESSOR_DEFINITIONS = (
					"DEBUG=1",
					"$(inherited)",
				);
				GCC_SYMBOLS_PRIVATE_EXTERN = NO;
				GCC_WARN_64_TO_32_BIT_CONVERSION = YES;
				GCC_WARN_ABOUT_RETURN_TYPE = YES_ERROR;
				GCC_WARN_UNDECLARED_SELECTOR = YES;
				GCC_WARN_UNINITIALIZED_AUTOS = YES_AGGRESSIVE;
				GCC_WARN_UNUSED_FUNCTION = YES;
				GCC_WARN_UNUSED_VARIABLE = YES;
				IPHONEOS_DEPLOYMENT_TARGET = 8.1;
				MTL_ENABLE_DEBUG_INFO = YES;
				ONLY_ACTIVE_ARCH = YES;
				SDKROOT = iphoneos;
			};
			name = Debug;
		};
		2AC1A2B41B1E603A0077CC8C /* Release */ = {
			isa = XCBuildConfiguration;
			buildSettings = {
				ALWAYS_SEARCH_USER_PATHS = NO;
				CLANG_CXX_LANGUAGE_STANDARD = "gnu++0x";
				CLANG_CXX_LIBRARY = "libc++";
				CLANG_ENABLE_MODULES = YES;
				CLANG_ENABLE_OBJC_ARC = YES;
				CLANG_WARN_BOOL_CONVERSION = YES;
				CLANG_WARN_CONSTANT_CONVERSION = YES;
				CLANG_WARN_DIRECT_OBJC_ISA_USAGE = YES_ERROR;
				CLANG_WARN_EMPTY_BODY = YES;
				CLANG_WARN_ENUM_CONVERSION = YES;
				CLANG_WARN_INT_CONVERSION = YES;
				CLANG_WARN_OBJC_ROOT_CLASS = YES_ERROR;
				CLANG_WARN_UNREACHABLE_CODE = YES;
				CLANG_WARN__DUPLICATE_METHOD_MATCH = YES;
				"CODE_SIGN_IDENTITY[sdk=iphoneos*]" = "iPhone Developer";
				COPY_PHASE_STRIP = YES;
				ENABLE_NS_ASSERTIONS = NO;
				ENABLE_STRICT_OBJC_MSGSEND = YES;
				GCC_C_LANGUAGE_STANDARD = gnu99;
				GCC_WARN_64_TO_32_BIT_CONVERSION = YES;
				GCC_WARN_ABOUT_RETURN_TYPE = YES_ERROR;
				GCC_WARN_UNDECLARED_SELECTOR = YES;
				GCC_WARN_UNINITIALIZED_AUTOS = YES_AGGRESSIVE;
				GCC_WARN_UNUSED_FUNCTION = YES;
				GCC_WARN_UNUSED_VARIABLE = YES;
				IPHONEOS_DEPLOYMENT_TARGET = 8.1;
				MTL_ENABLE_DEBUG_INFO = NO;
				SDKROOT = iphoneos;
				VALIDATE_PRODUCT = YES;
			};
			name = Release;
		};
		2AC1A2B61B1E603A0077CC8C /* Debug */ = {
			isa = XCBuildConfiguration;
			buildSettings = {
				ASSETCATALOG_COMPILER_APPICON_NAME = AppIcon;
				INFOPLIST_FILE = "Matematiken bakom Bitcoin/Info.plist";
				LD_RUNPATH_SEARCH_PATHS = "$(inherited) @executable_path/Frameworks";
				PRODUCT_NAME = "$(TARGET_NAME)";
			};
			name = Debug;
		};
		2AC1A2B71B1E603A0077CC8C /* Release */ = {
			isa = XCBuildConfiguration;
			buildSettings = {
				ASSETCATALOG_COMPILER_APPICON_NAME = AppIcon;
				INFOPLIST_FILE = "Matematiken bakom Bitcoin/Info.plist";
				LD_RUNPATH_SEARCH_PATHS = "$(inherited) @executable_path/Frameworks";
				PRODUCT_NAME = "$(TARGET_NAME)";
			};
			name = Release;
		};
		2AC1A2B91B1E603A0077CC8C /* Debug */ = {
			isa = XCBuildConfiguration;
			buildSettings = {
				BUNDLE_LOADER = "$(TEST_HOST)";
				FRAMEWORK_SEARCH_PATHS = (
					"$(SDKROOT)/Developer/Library/Frameworks",
					"$(inherited)",
				);
				GCC_PREPROCESSOR_DEFINITIONS = (
					"DEBUG=1",
					"$(inherited)",
				);
				INFOPLIST_FILE = "Matematiken bakom BitcoinTests/Info.plist";
				LD_RUNPATH_SEARCH_PATHS = "$(inherited) @executable_path/Frameworks @loader_path/Frameworks";
				PRODUCT_NAME = "$(TARGET_NAME)";
				TEST_HOST = "$(BUILT_PRODUCTS_DIR)/Matematiken bakom Bitcoin.app/Matematiken bakom Bitcoin";
			};
			name = Debug;
		};
		2AC1A2BA1B1E603A0077CC8C /* Release */ = {
			isa = XCBuildConfiguration;
			buildSettings = {
				BUNDLE_LOADER = "$(TEST_HOST)";
				FRAMEWORK_SEARCH_PATHS = (
					"$(SDKROOT)/Developer/Library/Frameworks",
					"$(inherited)",
				);
				INFOPLIST_FILE = "Matematiken bakom BitcoinTests/Info.plist";
				LD_RUNPATH_SEARCH_PATHS = "$(inherited) @executable_path/Frameworks @loader_path/Frameworks";
				PRODUCT_NAME = "$(TARGET_NAME)";
				TEST_HOST = "$(BUILT_PRODUCTS_DIR)/Matematiken bakom Bitcoin.app/Matematiken bakom Bitcoin";
			};
			name = Release;
		};
/* End XCBuildConfiguration section */

/* Begin XCConfigurationList section */
		2AC1A28D1B1E603A0077CC8C /* Build configuration list for PBXProject "Matematiken bakom Bitcoin" */ = {
			isa = XCConfigurationList;
			buildConfigurations = (
				2AC1A2B31B1E603A0077CC8C /* Debug */,
				2AC1A2B41B1E603A0077CC8C /* Release */,
			);
			defaultConfigurationIsVisible = 0;
			defaultConfigurationName = Release;
		};
		2AC1A2B51B1E603A0077CC8C /* Build configuration list for PBXNativeTarget "Matematiken bakom Bitcoin" */ = {
			isa = XCConfigurationList;
			buildConfigurations = (
				2AC1A2B61B1E603A0077CC8C /* Debug */,
				2AC1A2B71B1E603A0077CC8C /* Release */,
			);
			defaultConfigurationIsVisible = 0;
		};
		2AC1A2B81B1E603A0077CC8C /* Build configuration list for PBXNativeTarget "Matematiken bakom BitcoinTests" */ = {
			isa = XCConfigurationList;
			buildConfigurations = (
				2AC1A2B91B1E603A0077CC8C /* Debug */,
				2AC1A2BA1B1E603A0077CC8C /* Release */,
			);
			defaultConfigurationIsVisible = 0;
		};
/* End XCConfigurationList section */
	};
	rootObject = 2AC1A28A1B1E603A0077CC8C /* Project object */;
}
